
Microsoft Visual Studio Solution File, Format Version 12.00
# Visual Studio Version 17
VisualStudioVersion = 17.13.35825.156 d17.13
MinimumVisualStudioVersion = 10.0.40219.1
Project("{FAE04EC0-301F-11D3-BF4B-00C04F79EFBC}") = "ScreenSound", "ScreenSound\ScreenSound.csproj", "{6BD3E491-8CB6-4549-BA77-28C6C54C9A39}"
EndProject
Global
	GlobalSection(SolutionConfigurationPlatforms) = preSolution
		Debug|Any CPU = Debug|Any CPU
		Release|Any CPU = Release|Any CPU
	EndGlobalSection
	GlobalSection(ProjectConfigurationPlatforms) = postSolution
		{6BD3E491-8CB6-4549-BA77-28C6C54C9A39}.Debug|Any CPU.ActiveCfg = Debug|Any CPU
		{6BD3E491-8CB6-4549-BA77-28C6C54C9A39}.Debug|Any CPU.Build.0 = Debug|Any CPU
		{6BD3E491-8CB6-4549-BA77-28C6C54C9A39}.Release|Any CPU.ActiveCfg = Release|Any CPU
		{6BD3E491-8CB6-4549-BA77-28C6C54C9A39}.Release|Any CPU.Build.0 = Release|Any CPU
	EndGlobalSection
	GlobalSection(SolutionProperties) = preSolution
		HideSolutionNode = FALSE
	EndGlobalSection
	GlobalSection(ExtensibilityGlobals) = postSolution
		SolutionGuid = {E14B7009-E6E6-4D12-A224-897DF105A5B0}
	EndGlobalSection
EndGlobal
